
Microsoft Visual Studio Solution File, Format Version 12.00
# Visual Studio Version 16
VisualStudioVersion = 16.0.31424.327
MinimumVisualStudioVersion = 10.0.40219.1
Project("{FAE04EC0-301F-11D3-BF4B-00C04F79EFBC}") = "Data", "Data\Data.csproj", "{B8E2AE3C-86E5-4BD6-ABB8-180C255CD1B6}"
EndProject
Project("{FAE04EC0-301F-11D3-BF4B-00C04F79EFBC}") = "Business", "Business\Business.csproj", "{FEDF1F93-EDD3-4AA3-87B0-3E9639E5AFD5}"
EndProject
Project("{FAE04EC0-301F-11D3-BF4B-00C04F79EFBC}") = "FrontEnd", "FrontEnd\FrontEnd.csproj", "{466CADAD-3315-471B-AAAD-D57AF1B7FB6B}"
EndProject
Global
	GlobalSection(SolutionConfigurationPlatforms) = preSolution
		Debug|Any CPU = Debug|Any CPU
		Release|Any CPU = Release|Any CPU
	EndGlobalSection
	GlobalSection(ProjectConfigurationPlatforms) = postSolution
		{B8E2AE3C-86E5-4BD6-ABB8-180C255CD1B6}.Debug|Any CPU.ActiveCfg = Debug|Any CPU
		{B8E2AE3C-86E5-4BD6-ABB8-180C255CD1B6}.Debug|Any CPU.Build.0 = Debug|Any CPU
		{B8E2AE3C-86E5-4BD6-ABB8-180C255CD1B6}.Release|Any CPU.ActiveCfg = Release|Any CPU
		{B8E2AE3C-86E5-4BD6-ABB8-180C255CD1B6}.Release|Any CPU.Build.0 = Release|Any CPU
		{FEDF1F93-EDD3-4AA3-87B0-3E9639E5AFD5}.Debug|Any CPU.ActiveCfg = Debug|Any CPU
		{FEDF1F93-EDD3-4AA3-87B0-3E9639E5AFD5}.Debug|Any CPU.Build.0 = Debug|Any CPU
		{FEDF1F93-EDD3-4AA3-87B0-3E9639E5AFD5}.Release|Any CPU.ActiveCfg = Release|Any CPU
		{FEDF1F93-EDD3-4AA3-87B0-3E9639E5AFD5}.Release|Any CPU.Build.0 = Release|Any CPU
		{466CADAD-3315-471B-AAAD-D57AF1B7FB6B}.Debug|Any CPU.ActiveCfg = Debug|Any CPU
		{466CADAD-3315-471B-AAAD-D57AF1B7FB6B}.Debug|Any CPU.Build.0 = Debug|Any CPU
		{466CADAD-3315-471B-AAAD-D57AF1B7FB6B}.Release|Any CPU.ActiveCfg = Release|Any CPU
		{466CADAD-3315-471B-AAAD-D57AF1B7FB6B}.Release|Any CPU.Build.0 = Release|Any CPU
	EndGlobalSection
	GlobalSection(SolutionProperties) = preSolution
		HideSolutionNode = FALSE
	EndGlobalSection
	GlobalSection(ExtensibilityGlobals) = postSolution
		SolutionGuid = {FB63EF00-1EC9-49AA-A533-D3A48D47EFC9}
	EndGlobalSection
EndGlobal
